
Microsoft Visual Studio Solution File, Format Version 12.00
# Visual Studio Version 17
VisualStudioVersion = 17.7.34202.233
MinimumVisualStudioVersion = 10.0.40219.1
Project("{FAE04EC0-301F-11D3-BF4B-00C04F79EFBC}") = "TMCP", "TMCP.csproj", "{4C6AA69B-3ECB-42CE-A0D8-5AD457E1F465}"
EndProject
Global
	GlobalSection(SolutionConfigurationPlatforms) = preSolution
		Debug|Any CPU = Debug|Any CPU
		Release|Any CPU = Release|Any CPU
	EndGlobalSection
	GlobalSection(ProjectConfigurationPlatforms) = postSolution
		{4C6AA69B-3ECB-42CE-A0D8-5AD457E1F465}.Debug|Any CPU.ActiveCfg = Debug|Any CPU
		{4C6AA69B-3ECB-42CE-A0D8-5AD457E1F465}.Debug|Any CPU.Build.0 = Debug|Any CPU
		{4C6AA69B-3ECB-42CE-A0D8-5AD457E1F465}.Release|Any CPU.ActiveCfg = Release|Any CPU
		{4C6AA69B-3ECB-42CE-A0D8-5AD457E1F465}.Release|Any CPU.Build.0 = Release|Any CPU
	EndGlobalSection
	GlobalSection(SolutionProperties) = preSolution
		HideSolutionNode = FALSE
	EndGlobalSection
	GlobalSection(ExtensibilityGlobals) = postSolution
		SolutionGuid = {96CA8ED2-1FE5-4F50-B3FA-0FD39A4CE0B6}
	EndGlobalSection
EndGlobal
